{
    "_readme": [
        "This file locks the dependencies of your project to a known state",
        "Read more about it at https://getcomposer.org/doc/01-basic-usage.md#installing-dependencies",
        "This file is @generated automatically"
    ],
    "content-hash": "f7929f80776e6159acf9e8b43cec4506",
    "packages": [
        {
            "name": "spriebsch/sqlite",
            "version": "1.0.7",
            "source": {
                "type": "git",
                "url": "https://github.com/spriebsch/sqlite.git",
                "reference": "a3de11bf564020cc2e9746179cc4c386b6e9573f"
            },
            "dist": {
                "type": "zip",
                "url": "https://api.github.com/repos/spriebsch/sqlite/zipball/a3de11bf564020cc2e9746179cc4c386b6e9573f",
                "reference": "a3de11bf564020cc2e9746179cc4c386b6e9573f",
                "shasum": ""
            },
            "require": {
                "ext-sqlite3": "*",
                "php": "^8.3"
            },
            "type": "library",
            "autoload": {
                "classmap": [
                    "src"
                ]
            },
            "notification-url": "https://packagist.org/downloads/",
            "license": [
                "BSD-3-Clause"
            ],
            "authors": [
                {
                    "name": "Stefan Priebsch",
                    "email": "stefan@priebsch.de",
                    "homepage": "https://priebsch.de",
                    "role": "Developer"
                }
            ],
            "description": "Lightweight Sqlite wrapper with lazy connection and schema creation.",
            "support": {
                "issues": "https://github.com/spriebsch/sqlite/issues",
                "source": "https://github.com/spriebsch/sqlite/tree/1.0.7"
            },
            "time": "2024-09-09T20:58:52+00:00"
        },
        {
            "name": "spriebsch/timestamp",
            "version": "1.0.2",
            "source": {
                "type": "git",
                "url": "https://github.com/spriebsch/timestamp.git",
                "reference": "475363a8ce010b4318b9418942182f13143da238"
            },
            "dist": {
                "type": "zip",
                "url": "https://api.github.com/repos/spriebsch/timestamp/zipball/475363a8ce010b4318b9418942182f13143da238",
                "reference": "475363a8ce010b4318b9418942182f13143da238",
                "shasum": ""
            },
            "require": {
                "php": "^8.3"
            },
            "type": "library",
            "autoload": {
                "classmap": [
                    "src"
                ]
            },
            "notification-url": "https://packagist.org/downloads/",
            "license": [
                "BSD-3-Clause"
            ],
            "authors": [
                {
                    "name": "Stefan Priebsch",
                    "email": "stefan@priebsch.de",
                    "homepage": "https://priebsch.de",
                    "role": "Developer"
                }
            ],
            "description": "A timestamp with microsecond granularity.",
            "support": {
                "issues": "https://github.com/spriebsch/timestamp/issues",
                "source": "https://github.com/spriebsch/timestamp/tree/1.0.2"
            },
            "time": "2024-09-09T20:59:20+00:00"
        },
        {
            "name": "spriebsch/uuid",
            "version": "1.0.3",
            "source": {
                "type": "git",
                "url": "https://github.com/spriebsch/UUID.git",
                "reference": "75325ce64ef16a005cbb9cd63d6d5c1a389b95f8"
            },
            "dist": {
                "type": "zip",
                "url": "https://api.github.com/repos/spriebsch/UUID/zipball/75325ce64ef16a005cbb9cd63d6d5c1a389b95f8",
                "reference": "75325ce64ef16a005cbb9cd63d6d5c1a389b95f8",
                "shasum": ""
            },
            "require": {
                "php": "^8.3"
            },
            "type": "library",
            "autoload": {
                "classmap": [
                    "src"
                ]
            },
            "notification-url": "https://packagist.org/downloads/",
            "license": [
                "BSD-3-Clause"
            ],
            "authors": [
                {
                    "name": "Stefan Priebsch",
                    "email": "stefan@priebsch.de",
                    "homepage": "https://priebsch.de",
                    "role": "Developer"
                }
            ],
            "description": "A fast and simple no-frills UUIDv4 implementation.",
            "support": {
                "issues": "https://github.com/spriebsch/UUID/issues",
                "source": "https://github.com/spriebsch/UUID/tree/1.0.3"
            },
            "time": "2024-09-09T20:59:41+00:00"
        }
    ],
    "packages-dev": [
        {
            "name": "phpstan/phpstan",
            "version": "2.1.8",
            "source": {
                "type": "git",
                "url": "https://github.com/phpstan/phpstan.git",
                "reference": "f9adff3b87c03b12cc7e46a30a524648e497758f"
            },
            "dist": {
                "type": "zip",
                "url": "https://api.github.com/repos/phpstan/phpstan/zipball/f9adff3b87c03b12cc7e46a30a524648e497758f",
                "reference": "f9adff3b87c03b12cc7e46a30a524648e497758f",
                "shasum": ""
            },
            "require": {
                "php": "^7.4|^8.0"
            },
            "conflict": {
                "phpstan/phpstan-shim": "*"
            },
            "bin": [
                "phpstan",
                "phpstan.phar"
            ],
            "type": "library",
            "autoload": {
                "files": [
                    "bootstrap.php"
                ]
            },
            "notification-url": "https://packagist.org/downloads/",
            "license": [
                "MIT"
            ],
            "description": "PHPStan - PHP Static Analysis Tool",
            "keywords": [
                "dev",
                "static analysis"
            ],
            "support": {
                "docs": "https://phpstan.org/user-guide/getting-started",
                "forum": "https://github.com/phpstan/phpstan/discussions",
                "issues": "https://github.com/phpstan/phpstan/issues",
                "security": "https://github.com/phpstan/phpstan/security/policy",
                "source": "https://github.com/phpstan/phpstan-src"
            },
            "funding": [
                {
                    "url": "https://github.com/ondrejmirtes",
                    "type": "github"
                },
                {
                    "url": "https://github.com/phpstan",
                    "type": "github"
                }
            ],
            "time": "2025-03-09T09:30:48+00:00"
        }
    ],
    "aliases": [],
    "minimum-stability": "stable",
    "stability-flags": {},
    "prefer-stable": true,
    "prefer-lowest": false,
    "platform": {
        "php": "^8.4",
        "ext-sqlite3": "*"
    },
    "platform-dev": {},
    "platform-overrides": {
        "php": "8.4"
    },
    "plugin-api-version": "2.6.0"
}
